
Microsoft Visual Studio Solution File, Format Version 10.00
# Visual Studio 2008
Project("{FAE04EC0-301F-11D3-BF4B-00C04F79EFBC}") = "Gibbed.Spore.Package", "Gibbed.Spore.Package\Gibbed.Spore.Package.csproj", "{E9713AAB-0C54-4AC8-BD44-DF99022E1CE3}"
EndProject
Project("{FAE04EC0-301F-11D3-BF4B-00C04F79EFBC}") = "Gibbed.Spore.PackageViewer", "Gibbed.Spore.PackageViewer\Gibbed.Spore.PackageViewer.csproj", "{DB48B1E8-9404-4FFA-AA6A-33485A25ECAA}"
EndProject
Project("{FAE04EC0-301F-11D3-BF4B-00C04F79EFBC}") = "Gibbed.Spore.Properties", "Gibbed.Spore.Properties\Gibbed.Spore.Properties.csproj", "{C149F651-1331-43DE-B838-8756E3AFA89E}"
EndProject
Project("{FAE04EC0-301F-11D3-BF4B-00C04F79EFBC}") = "Gibbed.Spore.PropertyEditor", "Gibbed.Spore.PropertyEditor\Gibbed.Spore.PropertyEditor.csproj", "{C0ABC337-DCBB-4E40-B430-749A068500A2}"
EndProject
Project("{FAE04EC0-301F-11D3-BF4B-00C04F79EFBC}") = "Gibbed.Spore.Helpers", "Gibbed.Spore.Helpers\Gibbed.Spore.Helpers.csproj", "{57A00822-35FA-45AB-9950-110BD8446EFB}"
EndProject
Project("{FAE04EC0-301F-11D3-BF4B-00C04F79EFBC}") = "Gibbed.Spore.PropToXML", "Gibbed.Spore.PropToXML\Gibbed.Spore.PropToXML.csproj", "{3A3A1552-7AF9-4E19-AA9B-D8DDFC44599D}"
EndProject
Project("{FAE04EC0-301F-11D3-BF4B-00C04F79EFBC}") = "Gibbed.Spore.XMLToProp", "Gibbed.Spore.XMLToProp\Gibbed.Spore.XMLToProp.csproj", "{EAD45C63-B15E-4F11-BDC0-1F98A93E1A82}"
EndProject
Project("{FAE04EC0-301F-11D3-BF4B-00C04F79EFBC}") = "Gibbed.Spore.PropHashes", "Gibbed.Spore.PropHashes\Gibbed.Spore.PropHashes.csproj", "{133E0183-94A0-421B-BB07-8A58A835AC1E}"
EndProject
Project("{2150E333-8FDC-42A3-9474-1A3956D46DE8}") = "Libraries", "Libraries", "{1805798D-7EAE-4D69-A0C3-BA3E69B9F97D}"
EndProject
Project("{2150E333-8FDC-42A3-9474-1A3956D46DE8}") = "Tools", "Tools", "{5740F769-7542-4A10-BAA1-CE318855C4D8}"
EndProject
Project("{2150E333-8FDC-42A3-9474-1A3956D46DE8}") = "Properties", "Properties", "{A1958E3C-89FE-4516-9F70-6F92B4F2EE96}"
EndProject
Project("{2150E333-8FDC-42A3-9474-1A3956D46DE8}") = "Packages", "Packages", "{6E79CA86-04C7-4442-B2DF-3389A19479C3}"
EndProject
Global
	GlobalSection(SolutionConfigurationPlatforms) = preSolution
		Debug|Any CPU = Debug|Any CPU
		Release|Any CPU = Release|Any CPU
	EndGlobalSection
	GlobalSection(ProjectConfigurationPlatforms) = postSolution
		{E9713AAB-0C54-4AC8-BD44-DF99022E1CE3}.Debug|Any CPU.ActiveCfg = Debug|Any CPU
		{E9713AAB-0C54-4AC8-BD44-DF99022E1CE3}.Debug|Any CPU.Build.0 = Debug|Any CPU
		{E9713AAB-0C54-4AC8-BD44-DF99022E1CE3}.Release|Any CPU.ActiveCfg = Release|Any CPU
		{E9713AAB-0C54-4AC8-BD44-DF99022E1CE3}.Release|Any CPU.Build.0 = Release|Any CPU
		{DB48B1E8-9404-4FFA-AA6A-33485A25ECAA}.Debug|Any CPU.ActiveCfg = Debug|Any CPU
		{DB48B1E8-9404-4FFA-AA6A-33485A25ECAA}.Debug|Any CPU.Build.0 = Debug|Any CPU
		{DB48B1E8-9404-4FFA-AA6A-33485A25ECAA}.Release|Any CPU.ActiveCfg = Release|Any CPU
		{DB48B1E8-9404-4FFA-AA6A-33485A25ECAA}.Release|Any CPU.Build.0 = Release|Any CPU
		{C149F651-1331-43DE-B838-8756E3AFA89E}.Debug|Any CPU.ActiveCfg = Debug|Any CPU
		{C149F651-1331-43DE-B838-8756E3AFA89E}.Debug|Any CPU.Build.0 = Debug|Any CPU
		{C149F651-1331-43DE-B838-8756E3AFA89E}.Release|Any CPU.ActiveCfg = Release|Any CPU
		{C149F651-1331-43DE-B838-8756E3AFA89E}.Release|Any CPU.Build.0 = Release|Any CPU
		{C0ABC337-DCBB-4E40-B430-749A068500A2}.Debug|Any CPU.ActiveCfg = Debug|Any CPU
		{C0ABC337-DCBB-4E40-B430-749A068500A2}.Debug|Any CPU.Build.0 = Debug|Any CPU
		{C0ABC337-DCBB-4E40-B430-749A068500A2}.Release|Any CPU.ActiveCfg = Release|Any CPU
		{C0ABC337-DCBB-4E40-B430-749A068500A2}.Release|Any CPU.Build.0 = Release|Any CPU
		{57A00822-35FA-45AB-9950-110BD8446EFB}.Debug|Any CPU.ActiveCfg = Debug|Any CPU
		{57A00822-35FA-45AB-9950-110BD8446EFB}.Debug|Any CPU.Build.0 = Debug|Any CPU
		{57A00822-35FA-45AB-9950-110BD8446EFB}.Release|Any CPU.ActiveCfg = Release|Any CPU
		{57A00822-35FA-45AB-9950-110BD8446EFB}.Release|Any CPU.Build.0 = Release|Any CPU
		{3A3A1552-7AF9-4E19-AA9B-D8DDFC44599D}.Debug|Any CPU.ActiveCfg = Debug|Any CPU
		{3A3A1552-7AF9-4E19-AA9B-D8DDFC44599D}.Debug|Any CPU.Build.0 = Debug|Any CPU
		{3A3A1552-7AF9-4E19-AA9B-D8DDFC44599D}.Release|Any CPU.ActiveCfg = Release|Any CPU
		{3A3A1552-7AF9-4E19-AA9B-D8DDFC44599D}.Release|Any CPU.Build.0 = Release|Any CPU
		{EAD45C63-B15E-4F11-BDC0-1F98A93E1A82}.Debug|Any CPU.ActiveCfg = Debug|Any CPU
		{EAD45C63-B15E-4F11-BDC0-1F98A93E1A82}.Debug|Any CPU.Build.0 = Debug|Any CPU
		{EAD45C63-B15E-4F11-BDC0-1F98A93E1A82}.Release|Any CPU.ActiveCfg = Release|Any CPU
		{EAD45C63-B15E-4F11-BDC0-1F98A93E1A82}.Release|Any CPU.Build.0 = Release|Any CPU
		{133E0183-94A0-421B-BB07-8A58A835AC1E}.Debug|Any CPU.ActiveCfg = Debug|Any CPU
		{133E0183-94A0-421B-BB07-8A58A835AC1E}.Debug|Any CPU.Build.0 = Debug|Any CPU
		{133E0183-94A0-421B-BB07-8A58A835AC1E}.Release|Any CPU.ActiveCfg = Release|Any CPU
		{133E0183-94A0-421B-BB07-8A58A835AC1E}.Release|Any CPU.Build.0 = Release|Any CPU
	EndGlobalSection
	GlobalSection(SolutionProperties) = preSolution
		HideSolutionNode = FALSE
	EndGlobalSection
	GlobalSection(NestedProjects) = preSolution
		{C149F651-1331-43DE-B838-8756E3AFA89E} = {1805798D-7EAE-4D69-A0C3-BA3E69B9F97D}
		{57A00822-35FA-45AB-9950-110BD8446EFB} = {1805798D-7EAE-4D69-A0C3-BA3E69B9F97D}
		{E9713AAB-0C54-4AC8-BD44-DF99022E1CE3} = {1805798D-7EAE-4D69-A0C3-BA3E69B9F97D}
		{A1958E3C-89FE-4516-9F70-6F92B4F2EE96} = {5740F769-7542-4A10-BAA1-CE318855C4D8}
		{6E79CA86-04C7-4442-B2DF-3389A19479C3} = {5740F769-7542-4A10-BAA1-CE318855C4D8}
		{EAD45C63-B15E-4F11-BDC0-1F98A93E1A82} = {A1958E3C-89FE-4516-9F70-6F92B4F2EE96}
		{3A3A1552-7AF9-4E19-AA9B-D8DDFC44599D} = {A1958E3C-89FE-4516-9F70-6F92B4F2EE96}
		{133E0183-94A0-421B-BB07-8A58A835AC1E} = {A1958E3C-89FE-4516-9F70-6F92B4F2EE96}
		{C0ABC337-DCBB-4E40-B430-749A068500A2} = {A1958E3C-89FE-4516-9F70-6F92B4F2EE96}
		{DB48B1E8-9404-4FFA-AA6A-33485A25ECAA} = {6E79CA86-04C7-4442-B2DF-3389A19479C3}
	EndGlobalSection
EndGlobal
