
Microsoft Visual Studio Solution File, Format Version 10.00
# Visual Studio 2008
Project("{FAE04EC0-301F-11D3-BF4B-00C04F79EFBC}") = "Gibbed.Spore.Package", "Gibbed.Spore.Package\Gibbed.Spore.Package.csproj", "{E9713AAB-0C54-4AC8-BD44-DF99022E1CE3}"
EndProject
Project("{FAE04EC0-301F-11D3-BF4B-00C04F79EFBC}") = "Gibbed.Spore.PackageViewer", "Gibbed.Spore.PackageViewer\Gibbed.Spore.PackageViewer.csproj", "{DB48B1E8-9404-4FFA-AA6A-33485A25ECAA}"
EndProject
Global
	GlobalSection(SolutionConfigurationPlatforms) = preSolution
		Debug|Any CPU = Debug|Any CPU
		Release|Any CPU = Release|Any CPU
	EndGlobalSection
	GlobalSection(ProjectConfigurationPlatforms) = postSolution
		{E9713AAB-0C54-4AC8-BD44-DF99022E1CE3}.Debug|Any CPU.ActiveCfg = Debug|Any CPU
		{E9713AAB-0C54-4AC8-BD44-DF99022E1CE3}.Debug|Any CPU.Build.0 = Debug|Any CPU
		{E9713AAB-0C54-4AC8-BD44-DF99022E1CE3}.Release|Any CPU.ActiveCfg = Release|Any CPU
		{E9713AAB-0C54-4AC8-BD44-DF99022E1CE3}.Release|Any CPU.Build.0 = Release|Any CPU
		{DB48B1E8-9404-4FFA-AA6A-33485A25ECAA}.Debug|Any CPU.ActiveCfg = Debug|Any CPU
		{DB48B1E8-9404-4FFA-AA6A-33485A25ECAA}.Debug|Any CPU.Build.0 = Debug|Any CPU
		{DB48B1E8-9404-4FFA-AA6A-33485A25ECAA}.Release|Any CPU.ActiveCfg = Release|Any CPU
		{DB48B1E8-9404-4FFA-AA6A-33485A25ECAA}.Release|Any CPU.Build.0 = Release|Any CPU
	EndGlobalSection
	GlobalSection(SolutionProperties) = preSolution
		HideSolutionNode = FALSE
	EndGlobalSection
EndGlobal
